
Microsoft Visual Studio Solution File, Format Version 12.00
# Visual Studio Version 17
VisualStudioVersion = 17.11.35303.130
MinimumVisualStudioVersion = 10.0.40219.1
Project("{FAE04EC0-301F-11D3-BF4B-00C04F79EFBC}") = "PortfolioServicios", "PortfolioServicios.csproj", "{0390F24B-B6CF-4B30-8976-6D591CC65BCB}"
EndProject
Global
	GlobalSection(SolutionConfigurationPlatforms) = preSolution
		Debug|Any CPU = Debug|Any CPU
		Release|Any CPU = Release|Any CPU
	EndGlobalSection
	GlobalSection(ProjectConfigurationPlatforms) = postSolution
		{0390F24B-B6CF-4B30-8976-6D591CC65BCB}.Debug|Any CPU.ActiveCfg = Debug|Any CPU
		{0390F24B-B6CF-4B30-8976-6D591CC65BCB}.Debug|Any CPU.Build.0 = Debug|Any CPU
		{0390F24B-B6CF-4B30-8976-6D591CC65BCB}.Release|Any CPU.ActiveCfg = Release|Any CPU
		{0390F24B-B6CF-4B30-8976-6D591CC65BCB}.Release|Any CPU.Build.0 = Release|Any CPU
	EndGlobalSection
	GlobalSection(SolutionProperties) = preSolution
		HideSolutionNode = FALSE
	EndGlobalSection
	GlobalSection(ExtensibilityGlobals) = postSolution
		SolutionGuid = {C5D0703F-EE79-4B85-B30F-541B79B52665}
	EndGlobalSection
EndGlobal
