
Microsoft Visual Studio Solution File, Format Version 12.00
# Visual Studio Version 17
VisualStudioVersion = 17.11.35303.130
MinimumVisualStudioVersion = 10.0.40219.1
Project("{FAE04EC0-301F-11D3-BF4B-00C04F79EFBC}") = "Ejemplo_Validaciones_3", "Ejemplo_Validaciones_3.csproj", "{8AF5BBA1-E77F-44EA-83CD-743144A10B52}"
EndProject
Global
	GlobalSection(SolutionConfigurationPlatforms) = preSolution
		Debug|Any CPU = Debug|Any CPU
		Release|Any CPU = Release|Any CPU
	EndGlobalSection
	GlobalSection(ProjectConfigurationPlatforms) = postSolution
		{8AF5BBA1-E77F-44EA-83CD-743144A10B52}.Debug|Any CPU.ActiveCfg = Debug|Any CPU
		{8AF5BBA1-E77F-44EA-83CD-743144A10B52}.Debug|Any CPU.Build.0 = Debug|Any CPU
		{8AF5BBA1-E77F-44EA-83CD-743144A10B52}.Release|Any CPU.ActiveCfg = Release|Any CPU
		{8AF5BBA1-E77F-44EA-83CD-743144A10B52}.Release|Any CPU.Build.0 = Release|Any CPU
	EndGlobalSection
	GlobalSection(SolutionProperties) = preSolution
		HideSolutionNode = FALSE
	EndGlobalSection
	GlobalSection(ExtensibilityGlobals) = postSolution
		SolutionGuid = {1C903078-A153-4225-BB40-77AFE20EDB67}
	EndGlobalSection
EndGlobal
