
Microsoft Visual Studio Solution File, Format Version 12.00
# Visual Studio Version 17
VisualStudioVersion = 17.11.35303.130
MinimumVisualStudioVersion = 10.0.40219.1
Project("{FAE04EC0-301F-11D3-BF4B-00C04F79EFBC}") = "HolaMundo", "HolaMundo.csproj", "{9C1181FE-51EE-4CC2-AB9F-D24C27476C49}"
EndProject
Global
	GlobalSection(SolutionConfigurationPlatforms) = preSolution
		Debug|Any CPU = Debug|Any CPU
		Release|Any CPU = Release|Any CPU
	EndGlobalSection
	GlobalSection(ProjectConfigurationPlatforms) = postSolution
		{9C1181FE-51EE-4CC2-AB9F-D24C27476C49}.Debug|Any CPU.ActiveCfg = Debug|Any CPU
		{9C1181FE-51EE-4CC2-AB9F-D24C27476C49}.Debug|Any CPU.Build.0 = Debug|Any CPU
		{9C1181FE-51EE-4CC2-AB9F-D24C27476C49}.Release|Any CPU.ActiveCfg = Release|Any CPU
		{9C1181FE-51EE-4CC2-AB9F-D24C27476C49}.Release|Any CPU.Build.0 = Release|Any CPU
	EndGlobalSection
	GlobalSection(SolutionProperties) = preSolution
		HideSolutionNode = FALSE
	EndGlobalSection
	GlobalSection(ExtensibilityGlobals) = postSolution
		SolutionGuid = {913F4D13-111E-47A0-9E46-15FD35D1122C}
	EndGlobalSection
EndGlobal
