
Microsoft Visual Studio Solution File, Format Version 12.00
# Visual Studio Version 17
VisualStudioVersion = 17.11.35303.130
MinimumVisualStudioVersion = 10.0.40219.1
Project("{9A19103F-16F7-4668-BE54-9A1E7A4F7556}") = "Practica_2", "Practica_2\Practica_2.csproj", "{B8262044-B637-4768-909A-5F6D1F448DEF}"
EndProject
Project("{9A19103F-16F7-4668-BE54-9A1E7A4F7556}") = "ejemploColecciones", "ej2\ejemploColecciones.csproj", "{459F6D1B-82AC-49C6-91EF-EFC072A5F7D0}"
EndProject
Project("{9A19103F-16F7-4668-BE54-9A1E7A4F7556}") = "ej1", "ej1_real\ej1.csproj", "{81B9F807-A855-44A5-B94D-AA7118792734}"
EndProject
Project("{9A19103F-16F7-4668-BE54-9A1E7A4F7556}") = "ej2_real", "ej2_real\ej2_real.csproj", "{31584295-DB4A-4AE7-806E-FF55AFE51608}"
EndProject
Project("{FAE04EC0-301F-11D3-BF4B-00C04F79EFBC}") = "ej3", "ej3\ej3.csproj", "{D43BB89A-EF06-4707-9A75-7A86AC52CF0A}"
EndProject
Global
	GlobalSection(SolutionConfigurationPlatforms) = preSolution
		Debug|Any CPU = Debug|Any CPU
		Release|Any CPU = Release|Any CPU
	EndGlobalSection
	GlobalSection(ProjectConfigurationPlatforms) = postSolution
		{B8262044-B637-4768-909A-5F6D1F448DEF}.Debug|Any CPU.ActiveCfg = Debug|Any CPU
		{B8262044-B637-4768-909A-5F6D1F448DEF}.Debug|Any CPU.Build.0 = Debug|Any CPU
		{B8262044-B637-4768-909A-5F6D1F448DEF}.Release|Any CPU.ActiveCfg = Release|Any CPU
		{B8262044-B637-4768-909A-5F6D1F448DEF}.Release|Any CPU.Build.0 = Release|Any CPU
		{459F6D1B-82AC-49C6-91EF-EFC072A5F7D0}.Debug|Any CPU.ActiveCfg = Debug|Any CPU
		{459F6D1B-82AC-49C6-91EF-EFC072A5F7D0}.Debug|Any CPU.Build.0 = Debug|Any CPU
		{459F6D1B-82AC-49C6-91EF-EFC072A5F7D0}.Release|Any CPU.ActiveCfg = Release|Any CPU
		{459F6D1B-82AC-49C6-91EF-EFC072A5F7D0}.Release|Any CPU.Build.0 = Release|Any CPU
		{81B9F807-A855-44A5-B94D-AA7118792734}.Debug|Any CPU.ActiveCfg = Debug|Any CPU
		{81B9F807-A855-44A5-B94D-AA7118792734}.Debug|Any CPU.Build.0 = Debug|Any CPU
		{81B9F807-A855-44A5-B94D-AA7118792734}.Release|Any CPU.ActiveCfg = Release|Any CPU
		{81B9F807-A855-44A5-B94D-AA7118792734}.Release|Any CPU.Build.0 = Release|Any CPU
		{31584295-DB4A-4AE7-806E-FF55AFE51608}.Debug|Any CPU.ActiveCfg = Debug|Any CPU
		{31584295-DB4A-4AE7-806E-FF55AFE51608}.Debug|Any CPU.Build.0 = Debug|Any CPU
		{31584295-DB4A-4AE7-806E-FF55AFE51608}.Release|Any CPU.ActiveCfg = Release|Any CPU
		{31584295-DB4A-4AE7-806E-FF55AFE51608}.Release|Any CPU.Build.0 = Release|Any CPU
		{D43BB89A-EF06-4707-9A75-7A86AC52CF0A}.Debug|Any CPU.ActiveCfg = Debug|Any CPU
		{D43BB89A-EF06-4707-9A75-7A86AC52CF0A}.Debug|Any CPU.Build.0 = Debug|Any CPU
		{D43BB89A-EF06-4707-9A75-7A86AC52CF0A}.Release|Any CPU.ActiveCfg = Release|Any CPU
		{D43BB89A-EF06-4707-9A75-7A86AC52CF0A}.Release|Any CPU.Build.0 = Release|Any CPU
	EndGlobalSection
	GlobalSection(SolutionProperties) = preSolution
		HideSolutionNode = FALSE
	EndGlobalSection
	GlobalSection(ExtensibilityGlobals) = postSolution
		SolutionGuid = {78C17ADF-958E-4FFB-ABDD-93E493D8EF92}
	EndGlobalSection
EndGlobal
